<?xml version="1.0" encoding="utf-8"?>
<Project ToolsVersion="4.0" xmlns="http://schemas.microsoft.com/developer/msbuild/2003">
  <ItemGroup>
    <Filter Include="Source Files">
      <UniqueIdentifier>{4FC737F1-C7A5-4376-A066-2A32D752A2FF}</UniqueIdentifier>
      <Extensions>cpp;c;cc;cxx;def;odl;idl;hpj;bat;asm;asmx</Extensions>
    </Filter>
    <Filter Include="Header Files">
      <UniqueIdentifier>{93995380-89BD-4b04-88EB-625FBE52EBFB}</UniqueIdentifier>
      <Extensions>h;hh;hpp;hxx;hm;inl;inc;xsd</Extensions>
    </Filter>
    <Filter Include="Resource Files">
      <UniqueIdentifier>{67DA6AB6-F800-4c08-8B7A-83BB121AAD01}</UniqueIdentifier>
      <Extensions>rc;ico;cur;bmp;dlg;rc2;rct;bin;rgs;gif;jpg;jpeg;jpe;resx;tiff;tif;png;wav</Extensions>
    </Filter>
    <Filter Include="_pch">
      <UniqueIdentifier>{d908d6e3-dc21-4768-9872-f958f7f240b9}</UniqueIdentifier>
    </Filter>
    <Filter Include="Resource Files\data">
      <UniqueIdentifier>{2dafd33e-dcd1-457b-958f-9d270f93ecef}</UniqueIdentifier>
    </Filter>
    <Filter Include="Resource Files\SDL">
      <UniqueIdentifier>{ba66f4c3-d541-4fe6-a56b-a09d9420f5b6}</UniqueIdentifier>
    </Filter>
    <Filter Include="Source Files\app_state">
      <UniqueIdentifier>{69f66d1b-d4ce-49fa-b560-99e3d6d99d40}</UniqueIdentifier>
    </Filter>
    <Filter Include="Source Files\engine">
      <UniqueIdentifier>{841aee3d-4911-4775-9ba3-0a1be172ac4b}</UniqueIdentifier>
    </Filter>
    <Filter Include="Source Files\objects">
      <UniqueIdentifier>{13a04541-a86d-4ac5-a956-22372010ead9}</UniqueIdentifier>
    </Filter>
    <Filter Include="Header Files\app_state">
      <UniqueIdentifier>{4c7160e1-a0b1-47c6-8430-f5e804060eeb}</UniqueIdentifier>
    </Filter>
    <Filter Include="Header Files\engine">
      <UniqueIdentifier>{9bbaf99d-4bc7-4135-bde1-6a5a5f690b10}</UniqueIdentifier>
    </Filter>
    <Filter Include="Header Files\objects">
      <UniqueIdentifier>{500e608e-43af-4f3c-884d-d5123bccaed4}</UniqueIdentifier>
    </Filter>
    <Filter Include="Header Files\objects\vanilla">
      <UniqueIdentifier>{0ec69172-3f69-4c60-98b9-1d94d66eb699}</UniqueIdentifier>
    </Filter>
    <Filter Include="Source Files\objects\vanilla">
      <UniqueIdentifier>{6e83939d-0c68-4dcc-83d1-aeb48d4af127}</UniqueIdentifier>
    </Filter>
    <Filter Include="Header Files\objects\protobuf">
      <UniqueIdentifier>{cc2deb6c-4b2a-41a5-9e89-6ae9ed243bf9}</UniqueIdentifier>
    </Filter>
    <Filter Include="Source Files\objects\protobuf">
      <UniqueIdentifier>{39417847-16da-48b9-962b-ba5e926569f1}</UniqueIdentifier>
    </Filter>
    <Filter Include="Source Files\objects\ice">
      <UniqueIdentifier>{85c45b7a-12ac-40ab-b48a-b712f221b72c}</UniqueIdentifier>
    </Filter>
    <Filter Include="Header Files\objects\ice">
      <UniqueIdentifier>{9f3dbad7-f362-47b8-bc58-398ea536d749}</UniqueIdentifier>
    </Filter>
    <Filter Include="Header Files\objects\protobuf\proto">
      <UniqueIdentifier>{bc49f8dc-1f62-42f7-be3a-21a197310e99}</UniqueIdentifier>
    </Filter>
    <Filter Include="Source Files\objects\protobuf\proto">
      <UniqueIdentifier>{f206c8bf-9fd7-4004-9ade-2f72e60ddbd4}</UniqueIdentifier>
    </Filter>
    <Filter Include="Resource Files\zeroc.ice">
      <UniqueIdentifier>{61c362d1-9499-4101-99de-33c806ef8659}</UniqueIdentifier>
    </Filter>
    <Filter Include="Source Files\objects\ice\sliced">
      <UniqueIdentifier>{dd861e9b-d2e8-4c74-b027-456fb9191e97}</UniqueIdentifier>
    </Filter>
    <Filter Include="Header Files\objects\ice\sliced">
      <UniqueIdentifier>{59b13cdb-65f2-45c0-bbfe-5a38e17943cd}</UniqueIdentifier>
    </Filter>
    <Filter Include="Header Files\objects\cista">
      <UniqueIdentifier>{1e329d73-50bf-4bb8-8326-e0437ad6820c}</UniqueIdentifier>
    </Filter>
    <Filter Include="Source Files\objects\cista">
      <UniqueIdentifier>{91578108-f486-4d1c-a5ce-6048b188208c}</UniqueIdentifier>
    </Filter>
    <Filter Include="Header Files\net">
      <UniqueIdentifier>{b601e981-0163-4955-9482-e3c5042f3a45}</UniqueIdentifier>
    </Filter>
    <Filter Include="Source Files\net">
      <UniqueIdentifier>{76ab27c3-b468-44cf-ae2a-ad42bc7f0ad8}</UniqueIdentifier>
    </Filter>
    <Filter Include="Header Files\net\tx">
      <UniqueIdentifier>{7ad54004-445b-4fce-933f-614152322351}</UniqueIdentifier>
    </Filter>
    <Filter Include="Source Files\net\tx">
      <UniqueIdentifier>{a4811968-301a-4937-a69d-40e19e1cb097}</UniqueIdentifier>
    </Filter>
    <Filter Include="Header Files\net\boost">
      <UniqueIdentifier>{2faa1cb5-d57b-458a-9009-514b7dabdb58}</UniqueIdentifier>
    </Filter>
    <Filter Include="Source Files\net\boost">
      <UniqueIdentifier>{4c6eaf60-243e-48b0-a516-5dc180d6f7d9}</UniqueIdentifier>
    </Filter>
    <Filter Include="Header Files\net\tx\abstraction">
      <UniqueIdentifier>{e3ccdca5-47f3-4e79-b17c-40bb8671da1f}</UniqueIdentifier>
    </Filter>
    <Filter Include="Source Files\net\tx\abstraction">
      <UniqueIdentifier>{8ba4dea9-c857-4fa3-8b6d-60bea03d9b34}</UniqueIdentifier>
    </Filter>
  </ItemGroup>
  <ItemGroup>
    <ClCompile Include="stdafx.cpp">
      <Filter>_pch</Filter>
    </ClCompile>
    <ClCompile Include="..\src\main.cpp">
      <Filter>Source Files</Filter>
    </ClCompile>
    <ClCompile Include="..\src\app_state\game.cpp">
      <Filter>Source Files\app_state</Filter>
    </ClCompile>
    <ClCompile Include="..\src\schema\protobuf\proto\acme.pb.cc">
      <Filter>Source Files\objects\protobuf\proto</Filter>
    </ClCompile>
    <ClCompile Include="..\src\schema\protobuf\objects\tank.cpp">
      <Filter>Source Files\objects\protobuf</Filter>
    </ClCompile>
    <ClCompile Include="..\src\schema\protobuf\objects\player.cpp">
      <Filter>Source Files\objects\protobuf</Filter>
    </ClCompile>
    <ClCompile Include="..\src\schema\protobuf\objects\object.cpp">
      <Filter>Source Files\objects\protobuf</Filter>
    </ClCompile>
    <ClCompile Include="..\src\schema\protobuf\objects\enemy.cpp">
      <Filter>Source Files\objects\protobuf</Filter>
    </ClCompile>
    <ClCompile Include="..\src\schema\protobuf\objects\eagle.cpp">
      <Filter>Source Files\objects\protobuf</Filter>
    </ClCompile>
    <ClCompile Include="..\src\schema\protobuf\objects\bullet.cpp">
      <Filter>Source Files\objects\protobuf</Filter>
    </ClCompile>
    <ClCompile Include="..\src\schema\protobuf\objects\brick.cpp">
      <Filter>Source Files\objects\protobuf</Filter>
    </ClCompile>
    <ClCompile Include="..\src\schema\protobuf\objects\bonus.cpp">
      <Filter>Source Files\objects\protobuf</Filter>
    </ClCompile>
    <ClCompile Include="..\src\schema\vanilla\objects\bonus.cpp">
      <Filter>Source Files\objects\vanilla</Filter>
    </ClCompile>
    <ClCompile Include="..\src\schema\vanilla\objects\brick.cpp">
      <Filter>Source Files\objects\vanilla</Filter>
    </ClCompile>
    <ClCompile Include="..\src\schema\vanilla\objects\bullet.cpp">
      <Filter>Source Files\objects\vanilla</Filter>
    </ClCompile>
    <ClCompile Include="..\src\schema\vanilla\objects\eagle.cpp">
      <Filter>Source Files\objects\vanilla</Filter>
    </ClCompile>
    <ClCompile Include="..\src\schema\vanilla\objects\enemy.cpp">
      <Filter>Source Files\objects\vanilla</Filter>
    </ClCompile>
    <ClCompile Include="..\src\schema\vanilla\objects\object.cpp">
      <Filter>Source Files\objects\vanilla</Filter>
    </ClCompile>
    <ClCompile Include="..\src\schema\vanilla\objects\player.cpp">
      <Filter>Source Files\objects\vanilla</Filter>
    </ClCompile>
    <ClCompile Include="..\src\schema\vanilla\objects\tank.cpp">
      <Filter>Source Files\objects\vanilla</Filter>
    </ClCompile>
    <ClCompile Include="..\src\schema\ice\objects\object.cpp">
      <Filter>Source Files\objects\ice</Filter>
    </ClCompile>
    <ClCompile Include="..\src\schema\ice\objects\bullet.cpp">
      <Filter>Source Files\objects\ice</Filter>
    </ClCompile>
    <ClCompile Include="..\src\schema\ice\objects\eagle.cpp">
      <Filter>Source Files\objects\ice</Filter>
    </ClCompile>
    <ClCompile Include="..\src\schema\ice\objects\enemy.cpp">
      <Filter>Source Files\objects\ice</Filter>
    </ClCompile>
    <ClCompile Include="..\src\schema\ice\objects\player.cpp">
      <Filter>Source Files\objects\ice</Filter>
    </ClCompile>
    <ClCompile Include="..\src\schema\ice\objects\tank.cpp">
      <Filter>Source Files\objects\ice</Filter>
    </ClCompile>
    <ClCompile Include="..\src\schema\ice\objects\bonus.cpp">
      <Filter>Source Files\objects\ice</Filter>
    </ClCompile>
    <ClCompile Include="..\src\schema\ice\objects\brick.cpp">
      <Filter>Source Files\objects\ice</Filter>
    </ClCompile>
    <ClCompile Include="..\src\schema\ice\sliced\acme.cpp">
      <Filter>Source Files\objects\ice\sliced</Filter>
    </ClCompile>
    <ClCompile Include="..\src\schema\ice\sliced\acmeI.cpp">
      <Filter>Source Files\objects\ice\sliced</Filter>
    </ClCompile>
    <ClCompile Include="..\src\schema\cista\objects\bonus.cpp">
      <Filter>Source Files\objects\cista</Filter>
    </ClCompile>
    <ClCompile Include="..\src\schema\cista\objects\brick.cpp">
      <Filter>Source Files\objects\cista</Filter>
    </ClCompile>
    <ClCompile Include="..\src\schema\cista\objects\bullet.cpp">
      <Filter>Source Files\objects\cista</Filter>
    </ClCompile>
    <ClCompile Include="..\src\schema\cista\objects\eagle.cpp">
      <Filter>Source Files\objects\cista</Filter>
    </ClCompile>
    <ClCompile Include="..\src\schema\cista\objects\enemy.cpp">
      <Filter>Source Files\objects\cista</Filter>
    </ClCompile>
    <ClCompile Include="..\src\schema\cista\objects\object.cpp">
      <Filter>Source Files\objects\cista</Filter>
    </ClCompile>
    <ClCompile Include="..\src\schema\cista\objects\player.cpp">
      <Filter>Source Files\objects\cista</Filter>
    </ClCompile>
    <ClCompile Include="..\src\schema\cista\objects\tank.cpp">
      <Filter>Source Files\objects\cista</Filter>
    </ClCompile>
    <ClCompile Include="..\src\net\NetGame.cpp">
      <Filter>Source Files\net</Filter>
    </ClCompile>
    <ClCompile Include="..\src\net\tx\commander.cpp">
      <Filter>Source Files\net\tx</Filter>
    </ClCompile>
    <ClCompile Include="..\src\net\tx\DataExchanger.cpp">
      <Filter>Source Files\net\tx</Filter>
    </ClCompile>
    <ClCompile Include="..\src\net\tmpBoostProcessV2.cpp">
      <Filter>Source Files\net\boost</Filter>
    </ClCompile>
    <ClCompile Include="..\src\net\tx\eventer.cpp">
      <Filter>Source Files\net\tx</Filter>
    </ClCompile>
    <ClCompile Include="..\src\net\tx\EventExchanger.cpp">
      <Filter>Source Files\net\tx</Filter>
    </ClCompile>
    <ClCompile Include="..\src\net\tx\updater.cpp">
      <Filter>Source Files\net\tx</Filter>
    </ClCompile>
    <ClCompile Include="..\src\engine\spriteconfig.cpp">
      <Filter>Source Files\engine</Filter>
    </ClCompile>
    <ClCompile Include="..\src\net\tx\abstraction\Sleeper.cpp">
      <Filter>Source Files\net\tx\abstraction</Filter>
    </ClCompile>
    <ClCompile Include="..\src\engine\resourcesBinToHex.cpp">
      <Filter>Source Files\engine</Filter>
    </ClCompile>
    <ClCompile Include="..\src\net\NetPlayer.cpp">
      <Filter>Source Files\net</Filter>
    </ClCompile>
    <ClCompile Include="..\src\net\NetGame.ctor.cpp">
      <Filter>Source Files\net</Filter>
    </ClCompile>
  </ItemGroup>
  <ItemGroup>
    <ClInclude Include="stdafx.h">
      <Filter>_pch</Filter>
    </ClInclude>
    <ClInclude Include="..\src\app.h">
      <Filter>Header Files</Filter>
    </ClInclude>
    <ClInclude Include="..\src\appconfig.h">
      <Filter>Header Files</Filter>
    </ClInclude>
    <ClInclude Include="..\src\type.h">
      <Filter>Header Files</Filter>
    </ClInclude>
    <ClInclude Include="..\src\app_state\iappstate.h">
      <Filter>Header Files\app_state</Filter>
    </ClInclude>
    <ClInclude Include="..\src\app_state\game.h">
      <Filter>Header Files\app_state</Filter>
    </ClInclude>
    <ClInclude Include="..\src\app_state\menu.h">
      <Filter>Header Files\app_state</Filter>
    </ClInclude>
    <ClInclude Include="..\src\app_state\scores.h">
      <Filter>Header Files\app_state</Filter>
    </ClInclude>
    <ClInclude Include="..\src\engine\engine.h">
      <Filter>Header Files\engine</Filter>
    </ClInclude>
    <ClInclude Include="..\src\engine\renderer.h">
      <Filter>Header Files\engine</Filter>
    </ClInclude>
    <ClInclude Include="..\src\engine\spriteconfig.h">
      <Filter>Header Files\engine</Filter>
    </ClInclude>
    <ClInclude Include="..\src\engine\audio.h">
      <Filter>Header Files\engine</Filter>
    </ClInclude>
    <ClInclude Include="..\src\schema\protobuf\proto\acme.pb.h">
      <Filter>Header Files\objects\protobuf\proto</Filter>
    </ClInclude>
    <ClInclude Include="..\src\schema\protobuf\objects\bonus.h">
      <Filter>Header Files\objects\protobuf</Filter>
    </ClInclude>
    <ClInclude Include="..\src\schema\protobuf\objects\brick.h">
      <Filter>Header Files\objects\protobuf</Filter>
    </ClInclude>
    <ClInclude Include="..\src\schema\protobuf\objects\bullet.h">
      <Filter>Header Files\objects\protobuf</Filter>
    </ClInclude>
    <ClInclude Include="..\src\schema\protobuf\objects\eagle.h">
      <Filter>Header Files\objects\protobuf</Filter>
    </ClInclude>
    <ClInclude Include="..\src\schema\protobuf\objects\enemy.h">
      <Filter>Header Files\objects\protobuf</Filter>
    </ClInclude>
    <ClInclude Include="..\src\schema\protobuf\objects\object.h">
      <Filter>Header Files\objects\protobuf</Filter>
    </ClInclude>
    <ClInclude Include="..\src\schema\protobuf\objects\player.h">
      <Filter>Header Files\objects\protobuf</Filter>
    </ClInclude>
    <ClInclude Include="..\src\schema\protobuf\objects\tank.h">
      <Filter>Header Files\objects\protobuf</Filter>
    </ClInclude>
    <ClInclude Include="..\src\schema\vanilla\objects\bonus.h">
      <Filter>Header Files\objects\vanilla</Filter>
    </ClInclude>
    <ClInclude Include="..\src\schema\vanilla\objects\brick.h">
      <Filter>Header Files\objects\vanilla</Filter>
    </ClInclude>
    <ClInclude Include="..\src\schema\vanilla\objects\bullet.h">
      <Filter>Header Files\objects\vanilla</Filter>
    </ClInclude>
    <ClInclude Include="..\src\schema\vanilla\objects\eagle.h">
      <Filter>Header Files\objects\vanilla</Filter>
    </ClInclude>
    <ClInclude Include="..\src\schema\vanilla\objects\enemy.h">
      <Filter>Header Files\objects\vanilla</Filter>
    </ClInclude>
    <ClInclude Include="..\src\schema\vanilla\objects\object.h">
      <Filter>Header Files\objects\vanilla</Filter>
    </ClInclude>
    <ClInclude Include="..\src\schema\vanilla\objects\player.h">
      <Filter>Header Files\objects\vanilla</Filter>
    </ClInclude>
    <ClInclude Include="..\src\schema\vanilla\objects\tank.h">
      <Filter>Header Files\objects\vanilla</Filter>
    </ClInclude>
    <ClInclude Include="..\src\schema\protobuf\proxy.h">
      <Filter>Header Files\objects\protobuf\proto</Filter>
    </ClInclude>
    <ClInclude Include="..\src\engine\spritedata.h">
      <Filter>Header Files\engine</Filter>
    </ClInclude>
    <ClInclude Include="..\src\schema\cista\objects\bonus.h">
      <Filter>Header Files\objects\cista</Filter>
    </ClInclude>
    <ClInclude Include="..\src\schema\cista\objects\brick.h">
      <Filter>Header Files\objects\cista</Filter>
    </ClInclude>
    <ClInclude Include="..\src\schema\cista\objects\bullet.h">
      <Filter>Header Files\objects\cista</Filter>
    </ClInclude>
    <ClInclude Include="..\src\schema\cista\objects\eagle.h">
      <Filter>Header Files\objects\cista</Filter>
    </ClInclude>
    <ClInclude Include="..\src\schema\cista\objects\enemy.h">
      <Filter>Header Files\objects\cista</Filter>
    </ClInclude>
    <ClInclude Include="..\src\schema\cista\objects\object.h">
      <Filter>Header Files\objects\cista</Filter>
    </ClInclude>
    <ClInclude Include="..\src\schema\cista\objects\player.h">
      <Filter>Header Files\objects\cista</Filter>
    </ClInclude>
    <ClInclude Include="..\src\schema\cista\objects\tank.h">
      <Filter>Header Files\objects\cista</Filter>
    </ClInclude>
    <ClInclude Include="..\src\net\net.h">
      <Filter>Header Files\net</Filter>
    </ClInclude>
    <ClInclude Include="..\resource\level\level.h">
      <Filter>Resource Files\data</Filter>
    </ClInclude>
    <ClInclude Include="..\resource\resource.h">
      <Filter>Resource Files</Filter>
    </ClInclude>
    <ClInclude Include="..\src\net\tx\commander.h">
      <Filter>Header Files\net\tx</Filter>
    </ClInclude>
    <ClInclude Include="..\src\net\tx\DataExchanger.h">
      <Filter>Header Files\net\tx</Filter>
    </ClInclude>
    <ClInclude Include="..\..\..\_L\boost_1_80\boost\process\v2\process.hpp">
      <Filter>Header Files\net\boost</Filter>
    </ClInclude>
    <ClInclude Include="..\..\..\_L\boost_1_80\boost\process\v2.hpp">
      <Filter>Header Files\net\boost</Filter>
    </ClInclude>
    <ClInclude Include="..\..\..\_L\boost_1_81\boost\config\user.hpp">
      <Filter>Header Files\net\boost</Filter>
    </ClInclude>
    <ClInclude Include="..\..\..\_L\boost_1_81\boost\filesystem\file_status.hpp">
      <Filter>Header Files\net\boost</Filter>
    </ClInclude>
    <ClInclude Include="..\..\..\_L\boost_1_81\boost\filesystem\operations.hpp">
      <Filter>Header Files\net\boost</Filter>
    </ClInclude>
    <ClInclude Include="..\..\..\_L\boost_1_81\boost\filesystem\directory.hpp">
      <Filter>Header Files\net\boost</Filter>
    </ClInclude>
    <ClInclude Include="..\..\..\_L\boost_1_81\boost\process\filesystem.hpp">
      <Filter>Header Files\net\boost</Filter>
    </ClInclude>
    <ClInclude Include="..\..\..\_L\boost_1_81\boost\process\v2\detail\process_handle_windows.hpp">
      <Filter>Header Files\net\boost</Filter>
    </ClInclude>
    <ClInclude Include="..\src\net\tx\updater.h">
      <Filter>Header Files\net\tx</Filter>
    </ClInclude>
    <ClInclude Include="..\src\net\tx\EventExchanger.h">
      <Filter>Header Files\net\tx</Filter>
    </ClInclude>
    <ClInclude Include="..\src\net\cista\xerialize.h">
      <Filter>Header Files\net</Filter>
    </ClInclude>
    <ClInclude Include="..\src\net\cista\typeHash.h">
      <Filter>Header Files\net</Filter>
    </ClInclude>
    <ClInclude Include="..\src\net\EnumCheck.h">
      <Filter>Header Files\net</Filter>
    </ClInclude>
    <ClInclude Include="..\src\net\tx\eventer.h">
      <Filter>Header Files\net\tx</Filter>
    </ClInclude>
    <ClInclude Include="..\src\net\tx\abstraction\shortening_.h">
      <Filter>Header Files\net\tx\abstraction</Filter>
    </ClInclude>
    <ClInclude Include="..\src\net\tx\abstraction\Sleeper.h">
      <Filter>Header Files\net\tx\abstraction</Filter>
    </ClInclude>
    <ClInclude Include="..\src\net\tx\abstraction\Spawner.h">
      <Filter>Header Files\net\tx\abstraction</Filter>
    </ClInclude>
    <ClInclude Include="..\src\net\tx\abstraction\Reader.h">
      <Filter>Header Files\net\tx\abstraction</Filter>
    </ClInclude>
    <ClInclude Include="..\src\net\tx\abstraction\Writer.h">
      <Filter>Header Files\net\tx\abstraction</Filter>
    </ClInclude>
  </ItemGroup>
  <ItemGroup>
    <None Include="cpp.hint" />
    <None Include="packages.config" />
    <None Include="..\src\schema\ice\objects\bonus.h">
      <Filter>Header Files\objects\ice</Filter>
    </None>
    <None Include="..\src\schema\ice\objects\brick.h">
      <Filter>Header Files\objects\ice</Filter>
    </None>
    <None Include="..\src\schema\ice\objects\bullet.h">
      <Filter>Header Files\objects\ice</Filter>
    </None>
    <None Include="..\src\schema\ice\objects\eagle.h">
      <Filter>Header Files\objects\ice</Filter>
    </None>
    <None Include="..\src\schema\ice\objects\enemy.h">
      <Filter>Header Files\objects\ice</Filter>
    </None>
    <None Include="..\src\schema\ice\objects\object.h">
      <Filter>Header Files\objects\ice</Filter>
    </None>
    <None Include="..\src\schema\ice\objects\player.h">
      <Filter>Header Files\objects\ice</Filter>
    </None>
    <None Include="..\src\schema\ice\objects\tank.h">
      <Filter>Header Files\objects\ice</Filter>
    </None>
    <None Include="..\src\schema\ice\sliced\acme.h">
      <Filter>Header Files\objects\ice\sliced</Filter>
    </None>
    <None Include="..\src\schema\ice\sliced\acmeI.h">
      <Filter>Header Files\objects\ice\sliced</Filter>
    </None>
    <None Include="..\src\schema\ice\sliced\custom.h">
      <Filter>Header Files\objects\ice\sliced</Filter>
    </None>
  </ItemGroup>
  <ItemGroup>
    <CopyFileToFolders Include="..\..\..\_L\SDL\SDL2\lib\x86\SDL2.dll">
      <Filter>Resource Files\SDL</Filter>
    </CopyFileToFolders>
    <CopyFileToFolders Include="..\..\..\_L\SDL\SDL2_mixer\lib\x86\SDL2_mixer.dll">
      <Filter>Resource Files\SDL</Filter>
    </CopyFileToFolders>
    <CopyFileToFolders Include="..\..\..\_L\SDL\SDL2_image\lib\x86\SDL2_image.dll">
      <Filter>Resource Files\SDL</Filter>
    </CopyFileToFolders>
    <CopyFileToFolders Include="..\..\..\_L\SDL\SDL2_ttf\lib\x86\SDL2_ttf.dll">
      <Filter>Resource Files\SDL</Filter>
    </CopyFileToFolders>
  </ItemGroup>
  <ItemGroup>
    <CustomBuild Include="..\resource\proto\acme.proto" />
    <CustomBuild Include="..\src\schema\ice\acme.ice" />
  </ItemGroup>
  <ItemGroup>
    <ResourceCompile Include="..\resource\BattleCityEos.rc">
      <Filter>Resource Files</Filter>
    </ResourceCompile>
  </ItemGroup>
</Project>